// !$*UTF8*$!
{
	archiveVersion = 1;
	classes = {
	};
	objectVersion = 77;
	objects = {

/* Begin PBXBuildFile section */
		144CA9741B5C57AB905AAAC9 /* TaxOwedWidget.swift in Sources */ = {isa = PBXBuildFile; fileRef = BF4F64D56519D9D623E6EEB8 /* TaxOwedWidget.swift */; };
		1BF90AE7548E185EC72A0D74 /* RecurringExpense.swift in Sources */ = {isa = PBXBuildFile; fileRef = BDC2182BC49E1F5238251358 /* RecurringExpense.swift */; };
		254C18308602C03E1C2F927E /* SelfEmploymentTaxCalculator.swift in Sources */ = {isa = PBXBuildFile; fileRef = 11B6625916AA712088FCDCDB /* SelfEmploymentTaxCalculator.swift */; };
		285D3E8E33E8F22266BFE19B /* StateTaxCalculator.swift in Sources */ = {isa = PBXBuildFile; fileRef = 4523E2BFA08771DF6842BC46 /* StateTaxCalculator.swift */; };
		320E243FAA8C4A1355E8ED29 /* MaintenanceScheduleItem.swift in Sources */ = {isa = PBXBuildFile; fileRef = 41D3AAFF3804832112942C13 /* MaintenanceScheduleItem.swift */; };
		33B45536E898B15D2030AE84 /* MarylandCountyTax.swift in Sources */ = {isa = PBXBuildFile; fileRef = 3E6C34298E7216E00D260E3C /* MarylandCountyTax.swift */; };
		3C029753D16DCB96B200D9FD /* TodayEarningsWidget.swift in Sources */ = {isa = PBXBuildFile; fileRef = E5691A03AEAF3AFF5C11973A /* TodayEarningsWidget.swift */; };
		5023BA02CA00EE171DAB460C /* FederalTaxCalculator.swift in Sources */ = {isa = PBXBuildFile; fileRef = 04A2111B7304D3D9D5AF48A2 /* FederalTaxCalculator.swift */; };
		5AB7C91055DFBC5D7C173554 /* TripLiveActivity.swift in Sources */ = {isa = PBXBuildFile; fileRef = 20BEC637E2DED94F887C318D /* TripLiveActivity.swift */; };
		6E4AF90E6A56C2B0A7AA57B1 /* QuarterlyPayment.swift in Sources */ = {isa = PBXBuildFile; fileRef = 3AF4BEC6F06ECA4823EA41B2 /* QuarterlyPayment.swift */; };
		87302A075A0C3BC20615A94C /* Enums.swift in Sources */ = {isa = PBXBuildFile; fileRef = 8B0671B3DF67E815D684B367 /* Enums.swift */; };
		88408397CD094AACE5E6D96C /* GigTaxWidgetBundle.swift in Sources */ = {isa = PBXBuildFile; fileRef = A6BC5AC9CF4BDDDE425CF651 /* GigTaxWidgetBundle.swift */; };
		8B190BF2ECB1552C40B653BA /* TripActivityAttributes.swift in Sources */ = {isa = PBXBuildFile; fileRef = BEC1F283F641C9D7D03D01F2 /* TripActivityAttributes.swift */; };
		8FFF5A0E15607482740008CE /* Shift.swift in Sources */ = {isa = PBXBuildFile; fileRef = 2F6AC317B3A9FC426960833D /* Shift.swift */; };
		9CE7E31D9572A0C58A27A847 /* VehicleDepreciationCalculator.swift in Sources */ = {isa = PBXBuildFile; fileRef = 2B7FBE01D053260E92875AA4 /* VehicleDepreciationCalculator.swift */; };
		A0D13DB3808E8FD4A0B6EFE8 /* Foundation.framework in Frameworks */ = {isa = PBXBuildFile; fileRef = B36F8E388552C610B56A2509 /* Foundation.framework */; };
		A20069C9A96A231CF15258AC /* DriverProfile.swift in Sources */ = {isa = PBXBuildFile; fileRef = 05626D91B3C3EBF21E6111C6 /* DriverProfile.swift */; };
		B3A189580D4A7894C5352ABC /* Vehicle.swift in Sources */ = {isa = PBXBuildFile; fileRef = A5473C127A80B6B3B8860221 /* Vehicle.swift */; };
		BD669DD64930F744A1C6981D /* TaxEngine.swift in Sources */ = {isa = PBXBuildFile; fileRef = 5EC2CBC88DC73A22E6509ADF /* TaxEngine.swift */; };
		C3CEAF7F284F032D81E70859 /* Expense.swift in Sources */ = {isa = PBXBuildFile; fileRef = DA3588C52D186A5A6E3C1786 /* Expense.swift */; };
		CC6EFE83896060D493319A6A /* TaxYearSummaryBuilder.swift in Sources */ = {isa = PBXBuildFile; fileRef = BE643726CBAB49F2B11D0F00 /* TaxYearSummaryBuilder.swift */; };
		D858DD92A60ED13726E30A43 /* GigTaxWidget.appex in Embed Foundation Extensions */ = {isa = PBXBuildFile; fileRef = B338293140C0E37EAB02649F /* GigTaxWidget.appex */; settings = {ATTRIBUTES = (RemoveHeadersOnCopy, ); }; };
		DD5C8955352F322C6EEA7E13 /* GigTaxModelContainer.swift in Sources */ = {isa = PBXBuildFile; fileRef = 9389BF8648F18ADC9A1E2BA0 /* GigTaxModelContainer.swift */; };
		E8DAEB088C8F547F48FED99E /* QuarterlyTaxCalculator.swift in Sources */ = {isa = PBXBuildFile; fileRef = 4050E46036C2629776FD7A6A /* QuarterlyTaxCalculator.swift */; };
		ED355E0254CF1FE096D16E6F /* Trip.swift in Sources */ = {isa = PBXBuildFile; fileRef = 75E9414EA957F6111A52E356 /* Trip.swift */; };
		EFB0461A0BA7BBB951002F20 /* DeductionMethodCalculator.swift in Sources */ = {isa = PBXBuildFile; fileRef = E341024C5CA103C2A93B321D /* DeductionMethodCalculator.swift */; };
/* End PBXBuildFile section */

/* Begin PBXContainerItemProxy section */
		120B04862FF4EBC400C0C833 /* PBXContainerItemProxy */ = {
			isa = PBXContainerItemProxy;
			containerPortal = 120B046C2FF4EBC200C0C833 /* Project object */;
			proxyType = 1;
			remoteGlobalIDString = 120B04732FF4EBC200C0C833;
			remoteInfo = GigTax;
		};
		120B04902FF4EBC400C0C833 /* PBXContainerItemProxy */ = {
			isa = PBXContainerItemProxy;
			containerPortal = 120B046C2FF4EBC200C0C833 /* Project object */;
			proxyType = 1;
			remoteGlobalIDString = 120B04732FF4EBC200C0C833;
			remoteInfo = GigTax;
		};
		B7AD3D35DF5181EF4EDD8ADB /* PBXContainerItemProxy */ = {
			isa = PBXContainerItemProxy;
			containerPortal = 120B046C2FF4EBC200C0C833 /* Project object */;
			proxyType = 1;
			remoteGlobalIDString = 118E73BAEF1F020F86765D7F;
			remoteInfo = GigTaxWidget;
		};
/* End PBXContainerItemProxy section */

/* Begin PBXCopyFilesBuildPhase section */
		7FAB7075E4C46DB0C34F0C1C /* Embed Foundation Extensions */ = {
			isa = PBXCopyFilesBuildPhase;
			buildActionMask = 2147483647;
			dstPath = "";
			dstSubfolderSpec = 13;
			files = (
				D858DD92A60ED13726E30A43 /* GigTaxWidget.appex in Embed Foundation Extensions */,
			);
			name = "Embed Foundation Extensions";
			runOnlyForDeploymentPostprocessing = 0;
		};
/* End PBXCopyFilesBuildPhase section */

/* Begin PBXFileReference section */
		04A2111B7304D3D9D5AF48A2 /* FederalTaxCalculator.swift */ = {isa = PBXFileReference; includeInIndex = 1; lastKnownFileType = sourcecode.swift; name = FederalTaxCalculator.swift; path = ../GigTax/Models/FederalTaxCalculator.swift; sourceTree = "<group>"; };
		05626D91B3C3EBF21E6111C6 /* DriverProfile.swift */ = {isa = PBXFileReference; includeInIndex = 1; lastKnownFileType = sourcecode.swift; name = DriverProfile.swift; path = ../GigTax/Models/DriverProfile.swift; sourceTree = "<group>"; };
		11B6625916AA712088FCDCDB /* SelfEmploymentTaxCalculator.swift */ = {isa = PBXFileReference; includeInIndex = 1; lastKnownFileType = sourcecode.swift; name = SelfEmploymentTaxCalculator.swift; path = ../GigTax/Models/SelfEmploymentTaxCalculator.swift; sourceTree = "<group>"; };
		120B04742FF4EBC200C0C833 /* GigTax.app */ = {isa = PBXFileReference; explicitFileType = wrapper.application; includeInIndex = 0; path = GigTax.app; sourceTree = BUILT_PRODUCTS_DIR; };
		120B04852FF4EBC400C0C833 /* GigTaxTests.xctest */ = {isa = PBXFileReference; explicitFileType = wrapper.cfbundle; includeInIndex = 0; path = GigTaxTests.xctest; sourceTree = BUILT_PRODUCTS_DIR; };
		120B048F2FF4EBC400C0C833 /* GigTaxUITests.xctest */ = {isa = PBXFileReference; explicitFileType = wrapper.cfbundle; includeInIndex = 0; path = GigTaxUITests.xctest; sourceTree = BUILT_PRODUCTS_DIR; };
		20BEC637E2DED94F887C318D /* TripLiveActivity.swift */ = {isa = PBXFileReference; includeInIndex = 1; lastKnownFileType = sourcecode.swift; path = TripLiveActivity.swift; sourceTree = "<group>"; };
		2B7FBE01D053260E92875AA4 /* VehicleDepreciationCalculator.swift */ = {isa = PBXFileReference; includeInIndex = 1; lastKnownFileType = sourcecode.swift; name = VehicleDepreciationCalculator.swift; path = ../GigTax/Models/VehicleDepreciationCalculator.swift; sourceTree = "<group>"; };
		2F6AC317B3A9FC426960833D /* Shift.swift */ = {isa = PBXFileReference; includeInIndex = 1; lastKnownFileType = sourcecode.swift; name = Shift.swift; path = ../GigTax/Models/Shift.swift; sourceTree = "<group>"; };
		3AF4BEC6F06ECA4823EA41B2 /* QuarterlyPayment.swift */ = {isa = PBXFileReference; includeInIndex = 1; lastKnownFileType = sourcecode.swift; name = QuarterlyPayment.swift; path = ../GigTax/Models/QuarterlyPayment.swift; sourceTree = "<group>"; };
		3E6C34298E7216E00D260E3C /* MarylandCountyTax.swift */ = {isa = PBXFileReference; includeInIndex = 1; lastKnownFileType = sourcecode.swift; name = MarylandCountyTax.swift; path = ../GigTax/Models/MarylandCountyTax.swift; sourceTree = "<group>"; };
		4050E46036C2629776FD7A6A /* QuarterlyTaxCalculator.swift */ = {isa = PBXFileReference; includeInIndex = 1; lastKnownFileType = sourcecode.swift; name = QuarterlyTaxCalculator.swift; path = ../GigTax/Models/QuarterlyTaxCalculator.swift; sourceTree = "<group>"; };
		41D3AAFF3804832112942C13 /* MaintenanceScheduleItem.swift */ = {isa = PBXFileReference; includeInIndex = 1; lastKnownFileType = sourcecode.swift; name = MaintenanceScheduleItem.swift; path = ../GigTax/Models/MaintenanceScheduleItem.swift; sourceTree = "<group>"; };
		4523E2BFA08771DF6842BC46 /* StateTaxCalculator.swift */ = {isa = PBXFileReference; includeInIndex = 1; lastKnownFileType = sourcecode.swift; name = StateTaxCalculator.swift; path = ../GigTax/Models/StateTaxCalculator.swift; sourceTree = "<group>"; };
		5EC2CBC88DC73A22E6509ADF /* TaxEngine.swift */ = {isa = PBXFileReference; includeInIndex = 1; lastKnownFileType = sourcecode.swift; name = TaxEngine.swift; path = ../GigTax/Models/TaxEngine.swift; sourceTree = "<group>"; };
		75E9414EA957F6111A52E356 /* Trip.swift */ = {isa = PBXFileReference; includeInIndex = 1; lastKnownFileType = sourcecode.swift; name = Trip.swift; path = ../GigTax/Models/Trip.swift; sourceTree = "<group>"; };
		8B0671B3DF67E815D684B367 /* Enums.swift */ = {isa = PBXFileReference; includeInIndex = 1; lastKnownFileType = sourcecode.swift; name = Enums.swift; path = ../GigTax/Models/Enums.swift; sourceTree = "<group>"; };
		9389BF8648F18ADC9A1E2BA0 /* GigTaxModelContainer.swift */ = {isa = PBXFileReference; includeInIndex = 1; lastKnownFileType = sourcecode.swift; name = GigTaxModelContainer.swift; path = ../GigTax/Models/GigTaxModelContainer.swift; sourceTree = "<group>"; };
		A5473C127A80B6B3B8860221 /* Vehicle.swift */ = {isa = PBXFileReference; includeInIndex = 1; lastKnownFileType = sourcecode.swift; name = Vehicle.swift; path = ../GigTax/Models/Vehicle.swift; sourceTree = "<group>"; };
		A6BC5AC9CF4BDDDE425CF651 /* GigTaxWidgetBundle.swift */ = {isa = PBXFileReference; includeInIndex = 1; lastKnownFileType = sourcecode.swift; path = GigTaxWidgetBundle.swift; sourceTree = "<group>"; };
		B338293140C0E37EAB02649F /* GigTaxWidget.appex */ = {isa = PBXFileReference; explicitFileType = "wrapper.app-extension"; includeInIndex = 0; path = GigTaxWidget.appex; sourceTree = BUILT_PRODUCTS_DIR; };
		B36F8E388552C610B56A2509 /* Foundation.framework */ = {isa = PBXFileReference; lastKnownFileType = wrapper.framework; name = Foundation.framework; path = Platforms/iPhoneOS.platform/Developer/SDKs/iPhoneOS18.0.sdk/System/Library/Frameworks/Foundation.framework; sourceTree = DEVELOPER_DIR; };
		BDC2182BC49E1F5238251358 /* RecurringExpense.swift */ = {isa = PBXFileReference; includeInIndex = 1; lastKnownFileType = sourcecode.swift; name = RecurringExpense.swift; path = ../GigTax/Models/RecurringExpense.swift; sourceTree = "<group>"; };
		BE643726CBAB49F2B11D0F00 /* TaxYearSummaryBuilder.swift */ = {isa = PBXFileReference; includeInIndex = 1; lastKnownFileType = sourcecode.swift; name = TaxYearSummaryBuilder.swift; path = ../GigTax/Models/TaxYearSummaryBuilder.swift; sourceTree = "<group>"; };
		BEC1F283F641C9D7D03D01F2 /* TripActivityAttributes.swift */ = {isa = PBXFileReference; includeInIndex = 1; lastKnownFileType = sourcecode.swift; name = TripActivityAttributes.swift; path = ../GigTax/Models/TripActivityAttributes.swift; sourceTree = "<group>"; };
		BF4F64D56519D9D623E6EEB8 /* TaxOwedWidget.swift */ = {isa = PBXFileReference; includeInIndex = 1; lastKnownFileType = sourcecode.swift; path = TaxOwedWidget.swift; sourceTree = "<group>"; };
		DA3588C52D186A5A6E3C1786 /* Expense.swift */ = {isa = PBXFileReference; includeInIndex = 1; lastKnownFileType = sourcecode.swift; name = Expense.swift; path = ../GigTax/Models/Expense.swift; sourceTree = "<group>"; };
		E341024C5CA103C2A93B321D /* DeductionMethodCalculator.swift */ = {isa = PBXFileReference; includeInIndex = 1; lastKnownFileType = sourcecode.swift; name = DeductionMethodCalculator.swift; path = ../GigTax/Models/DeductionMethodCalculator.swift; sourceTree = "<group>"; };
		E5691A03AEAF3AFF5C11973A /* TodayEarningsWidget.swift */ = {isa = PBXFileReference; includeInIndex = 1; lastKnownFileType = sourcecode.swift; path = TodayEarningsWidget.swift; sourceTree = "<group>"; };
/* End PBXFileReference section */

/* Begin PBXFileSystemSynchronizedBuildFileExceptionSet section */
		120B04972FF4EBC400C0C833 /* Exceptions for "GigTax" folder in "GigTax" target */ = {
			isa = PBXFileSystemSynchronizedBuildFileExceptionSet;
			membershipExceptions = (
				Info.plist,
			);
			target = 120B04732FF4EBC200C0C833 /* GigTax */;
		};
/* End PBXFileSystemSynchronizedBuildFileExceptionSet section */

/* Begin PBXFileSystemSynchronizedRootGroup section */
		120B04762FF4EBC200C0C833 /* GigTax */ = {
			isa = PBXFileSystemSynchronizedRootGroup;
			exceptions = (
				120B04972FF4EBC400C0C833 /* Exceptions for "GigTax" folder in "GigTax" target */,
			);
			path = GigTax;
			sourceTree = "<group>";
		};
		120B04882FF4EBC400C0C833 /* GigTaxTests */ = {
			isa = PBXFileSystemSynchronizedRootGroup;
			path = GigTaxTests;
			sourceTree = "<group>";
		};
		120B04922FF4EBC400C0C833 /* GigTaxUITests */ = {
			isa = PBXFileSystemSynchronizedRootGroup;
			path = GigTaxUITests;
			sourceTree = "<group>";
		};
/* End PBXFileSystemSynchronizedRootGroup section */

/* Begin PBXFrameworksBuildPhase section */
		120B04712FF4EBC200C0C833 /* Frameworks */ = {
			isa = PBXFrameworksBuildPhase;
			buildActionMask = 2147483647;
			files = (
			);
			runOnlyForDeploymentPostprocessing = 0;
		};
		120B04822FF4EBC400C0C833 /* Frameworks */ = {
			isa = PBXFrameworksBuildPhase;
			buildActionMask = 2147483647;
			files = (
			);
			runOnlyForDeploymentPostprocessing = 0;
		};
		120B048C2FF4EBC400C0C833 /* Frameworks */ = {
			isa = PBXFrameworksBuildPhase;
			buildActionMask = 2147483647;
			files = (
			);
			runOnlyForDeploymentPostprocessing = 0;
		};
		AEA83EBF0183B1EB4A74243A /* Frameworks */ = {
			isa = PBXFrameworksBuildPhase;
			buildActionMask = 2147483647;
			files = (
				A0D13DB3808E8FD4A0B6EFE8 /* Foundation.framework in Frameworks */,
			);
			runOnlyForDeploymentPostprocessing = 0;
		};
/* End PBXFrameworksBuildPhase section */

/* Begin PBXGroup section */
		120B046B2FF4EBC200C0C833 = {
			isa = PBXGroup;
			children = (
				120B04762FF4EBC200C0C833 /* GigTax */,
				120B04882FF4EBC400C0C833 /* GigTaxTests */,
				120B04922FF4EBC400C0C833 /* GigTaxUITests */,
				120B04752FF4EBC200C0C833 /* Products */,
				4A90828D8AEDFA48079AC19D /* Frameworks */,
				8348BB81C21381223AA910EF /* GigTaxWidget */,
			);
			sourceTree = "<group>";
		};
		120B04752FF4EBC200C0C833 /* Products */ = {
			isa = PBXGroup;
			children = (
				120B04742FF4EBC200C0C833 /* GigTax.app */,
				120B04852FF4EBC400C0C833 /* GigTaxTests.xctest */,
				120B048F2FF4EBC400C0C833 /* GigTaxUITests.xctest */,
				B338293140C0E37EAB02649F /* GigTaxWidget.appex */,
			);
			name = Products;
			sourceTree = "<group>";
		};
		2421828A6CCD209A0A0B399D /* iOS */ = {
			isa = PBXGroup;
			children = (
				B36F8E388552C610B56A2509 /* Foundation.framework */,
			);
			name = iOS;
			sourceTree = "<group>";
		};
		4A90828D8AEDFA48079AC19D /* Frameworks */ = {
			isa = PBXGroup;
			children = (
				2421828A6CCD209A0A0B399D /* iOS */,
			);
			name = Frameworks;
			sourceTree = "<group>";
		};
		8348BB81C21381223AA910EF /* GigTaxWidget */ = {
			isa = PBXGroup;
			children = (
				83A64DB29964459206D16BF1 /* SharedModels */,
				A6BC5AC9CF4BDDDE425CF651 /* GigTaxWidgetBundle.swift */,
				E5691A03AEAF3AFF5C11973A /* TodayEarningsWidget.swift */,
				BF4F64D56519D9D623E6EEB8 /* TaxOwedWidget.swift */,
				20BEC637E2DED94F887C318D /* TripLiveActivity.swift */,
			);
			path = GigTaxWidget;
			sourceTree = "<group>";
		};
		83A64DB29964459206D16BF1 /* SharedModels */ = {
			isa = PBXGroup;
			children = (
				2F6AC317B3A9FC426960833D /* Shift.swift */,
				75E9414EA957F6111A52E356 /* Trip.swift */,
				DA3588C52D186A5A6E3C1786 /* Expense.swift */,
				05626D91B3C3EBF21E6111C6 /* DriverProfile.swift */,
				A5473C127A80B6B3B8860221 /* Vehicle.swift */,
				BDC2182BC49E1F5238251358 /* RecurringExpense.swift */,
				41D3AAFF3804832112942C13 /* MaintenanceScheduleItem.swift */,
				3AF4BEC6F06ECA4823EA41B2 /* QuarterlyPayment.swift */,
				8B0671B3DF67E815D684B367 /* Enums.swift */,
				9389BF8648F18ADC9A1E2BA0 /* GigTaxModelContainer.swift */,
				BE643726CBAB49F2B11D0F00 /* TaxYearSummaryBuilder.swift */,
				4050E46036C2629776FD7A6A /* QuarterlyTaxCalculator.swift */,
				5EC2CBC88DC73A22E6509ADF /* TaxEngine.swift */,
				04A2111B7304D3D9D5AF48A2 /* FederalTaxCalculator.swift */,
				11B6625916AA712088FCDCDB /* SelfEmploymentTaxCalculator.swift */,
				4523E2BFA08771DF6842BC46 /* StateTaxCalculator.swift */,
				3E6C34298E7216E00D260E3C /* MarylandCountyTax.swift */,
				E341024C5CA103C2A93B321D /* DeductionMethodCalculator.swift */,
				BEC1F283F641C9D7D03D01F2 /* TripActivityAttributes.swift */,
				2B7FBE01D053260E92875AA4 /* VehicleDepreciationCalculator.swift */,
			);
			name = SharedModels;
			sourceTree = "<group>";
		};
/* End PBXGroup section */

/* Begin PBXNativeTarget section */
		118E73BAEF1F020F86765D7F /* GigTaxWidget */ = {
			isa = PBXNativeTarget;
			buildConfigurationList = 555C9AA3AB2F0EA2D1B77A8A /* Build configuration list for PBXNativeTarget "GigTaxWidget" */;
			buildPhases = (
				440EB9383D3C9D22F74FF605 /* Sources */,
				AEA83EBF0183B1EB4A74243A /* Frameworks */,
				C4852149590E8368B4E3A04D /* Resources */,
			);
			buildRules = (
			);
			dependencies = (
			);
			name = GigTaxWidget;
			productName = GigTaxWidget;
			productReference = B338293140C0E37EAB02649F /* GigTaxWidget.appex */;
			productType = "com.apple.product-type.app-extension";
		};
		120B04732FF4EBC200C0C833 /* GigTax */ = {
			isa = PBXNativeTarget;
			buildConfigurationList = 120B04982FF4EBC400C0C833 /* Build configuration list for PBXNativeTarget "GigTax" */;
			buildPhases = (
				120B04702FF4EBC200C0C833 /* Sources */,
				120B04712FF4EBC200C0C833 /* Frameworks */,
				120B04722FF4EBC200C0C833 /* Resources */,
				7FAB7075E4C46DB0C34F0C1C /* Embed Foundation Extensions */,
			);
			buildRules = (
			);
			dependencies = (
				7FA18D252704B63255543EAF /* PBXTargetDependency */,
			);
			fileSystemSynchronizedGroups = (
				120B04762FF4EBC200C0C833 /* GigTax */,
			);
			name = GigTax;
			productName = GigTax;
			productReference = 120B04742FF4EBC200C0C833 /* GigTax.app */;
			productType = "com.apple.product-type.application";
		};
		120B04842FF4EBC400C0C833 /* GigTaxTests */ = {
			isa = PBXNativeTarget;
			buildConfigurationList = 120B049D2FF4EBC400C0C833 /* Build configuration list for PBXNativeTarget "GigTaxTests" */;
			buildPhases = (
				120B04812FF4EBC400C0C833 /* Sources */,
				120B04822FF4EBC400C0C833 /* Frameworks */,
				120B04832FF4EBC400C0C833 /* Resources */,
			);
			buildRules = (
			);
			dependencies = (
				120B04872FF4EBC400C0C833 /* PBXTargetDependency */,
			);
			fileSystemSynchronizedGroups = (
				120B04882FF4EBC400C0C833 /* GigTaxTests */,
			);
			name = GigTaxTests;
			productName = GigTaxTests;
			productReference = 120B04852FF4EBC400C0C833 /* GigTaxTests.xctest */;
			productType = "com.apple.product-type.bundle.unit-test";
		};
		120B048E2FF4EBC400C0C833 /* GigTaxUITests */ = {
			isa = PBXNativeTarget;
			buildConfigurationList = 120B04A02FF4EBC400C0C833 /* Build configuration list for PBXNativeTarget "GigTaxUITests" */;
			buildPhases = (
				120B048B2FF4EBC400C0C833 /* Sources */,
				120B048C2FF4EBC400C0C833 /* Frameworks */,
				120B048D2FF4EBC400C0C833 /* Resources */,
			);
			buildRules = (
			);
			dependencies = (
				120B04912FF4EBC400C0C833 /* PBXTargetDependency */,
			);
			fileSystemSynchronizedGroups = (
				120B04922FF4EBC400C0C833 /* GigTaxUITests */,
			);
			name = GigTaxUITests;
			productName = GigTaxUITests;
			productReference = 120B048F2FF4EBC400C0C833 /* GigTaxUITests.xctest */;
			productType = "com.apple.product-type.bundle.ui-testing";
		};
/* End PBXNativeTarget section */

/* Begin PBXProject section */
		120B046C2FF4EBC200C0C833 /* Project object */ = {
			isa = PBXProject;
			attributes = {
				BuildIndependentTargetsInParallel = 1;
				LastSwiftUpdateCheck = 2660;
				LastUpgradeCheck = 2660;
				TargetAttributes = {
					120B04732FF4EBC200C0C833 = {
						CreatedOnToolsVersion = 26.6;
					};
					120B04842FF4EBC400C0C833 = {
						CreatedOnToolsVersion = 26.6;
						TestTargetID = 120B04732FF4EBC200C0C833;
					};
					120B048E2FF4EBC400C0C833 = {
						CreatedOnToolsVersion = 26.6;
						TestTargetID = 120B04732FF4EBC200C0C833;
					};
				};
			};
			buildConfigurationList = 120B046F2FF4EBC200C0C833 /* Build configuration list for PBXProject "GigTax" */;
			developmentRegion = en;
			hasScannedForEncodings = 0;
			knownRegions = (
				en,
				Base,
			);
			mainGroup = 120B046B2FF4EBC200C0C833;
			minimizedProjectReferenceProxies = 1;
			preferredProjectObjectVersion = 77;
			productRefGroup = 120B04752FF4EBC200C0C833 /* Products */;
			projectDirPath = "";
			projectRoot = "";
			targets = (
				120B04732FF4EBC200C0C833 /* GigTax */,
				120B04842FF4EBC400C0C833 /* GigTaxTests */,
				120B048E2FF4EBC400C0C833 /* GigTaxUITests */,
				118E73BAEF1F020F86765D7F /* GigTaxWidget */,
			);
		};
/* End PBXProject section */

/* Begin PBXResourcesBuildPhase section */
		120B04722FF4EBC200C0C833 /* Resources */ = {
			isa = PBXResourcesBuildPhase;
			buildActionMask = 2147483647;
			files = (
			);
			runOnlyForDeploymentPostprocessing = 0;
		};
		120B04832FF4EBC400C0C833 /* Resources */ = {
			isa = PBXResourcesBuildPhase;
			buildActionMask = 2147483647;
			files = (
			);
			runOnlyForDeploymentPostprocessing = 0;
		};
		120B048D2FF4EBC400C0C833 /* Resources */ = {
			isa = PBXResourcesBuildPhase;
			buildActionMask = 2147483647;
			files = (
			);
			runOnlyForDeploymentPostprocessing = 0;
		};
		C4852149590E8368B4E3A04D /* Resources */ = {
			isa = PBXResourcesBuildPhase;
			buildActionMask = 2147483647;
			files = (
			);
			runOnlyForDeploymentPostprocessing = 0;
		};
/* End PBXResourcesBuildPhase section */

/* Begin PBXSourcesBuildPhase section */
		120B04702FF4EBC200C0C833 /* Sources */ = {
			isa = PBXSourcesBuildPhase;
			buildActionMask = 2147483647;
			files = (
			);
			runOnlyForDeploymentPostprocessing = 0;
		};
		120B04812FF4EBC400C0C833 /* Sources */ = {
			isa = PBXSourcesBuildPhase;
			buildActionMask = 2147483647;
			files = (
			);
			runOnlyForDeploymentPostprocessing = 0;
		};
		120B048B2FF4EBC400C0C833 /* Sources */ = {
			isa = PBXSourcesBuildPhase;
			buildActionMask = 2147483647;
			files = (
			);
			runOnlyForDeploymentPostprocessing = 0;
		};
		440EB9383D3C9D22F74FF605 /* Sources */ = {
			isa = PBXSourcesBuildPhase;
			buildActionMask = 2147483647;
			files = (
				8FFF5A0E15607482740008CE /* Shift.swift in Sources */,
				ED355E0254CF1FE096D16E6F /* Trip.swift in Sources */,
				C3CEAF7F284F032D81E70859 /* Expense.swift in Sources */,
				A20069C9A96A231CF15258AC /* DriverProfile.swift in Sources */,
				B3A189580D4A7894C5352ABC /* Vehicle.swift in Sources */,
				1BF90AE7548E185EC72A0D74 /* RecurringExpense.swift in Sources */,
				320E243FAA8C4A1355E8ED29 /* MaintenanceScheduleItem.swift in Sources */,
				6E4AF90E6A56C2B0A7AA57B1 /* QuarterlyPayment.swift in Sources */,
				87302A075A0C3BC20615A94C /* Enums.swift in Sources */,
				DD5C8955352F322C6EEA7E13 /* GigTaxModelContainer.swift in Sources */,
				CC6EFE83896060D493319A6A /* TaxYearSummaryBuilder.swift in Sources */,
				E8DAEB088C8F547F48FED99E /* QuarterlyTaxCalculator.swift in Sources */,
				BD669DD64930F744A1C6981D /* TaxEngine.swift in Sources */,
				5023BA02CA00EE171DAB460C /* FederalTaxCalculator.swift in Sources */,
				254C18308602C03E1C2F927E /* SelfEmploymentTaxCalculator.swift in Sources */,
				285D3E8E33E8F22266BFE19B /* StateTaxCalculator.swift in Sources */,
				33B45536E898B15D2030AE84 /* MarylandCountyTax.swift in Sources */,
				EFB0461A0BA7BBB951002F20 /* DeductionMethodCalculator.swift in Sources */,
				88408397CD094AACE5E6D96C /* GigTaxWidgetBundle.swift in Sources */,
				3C029753D16DCB96B200D9FD /* TodayEarningsWidget.swift in Sources */,
				144CA9741B5C57AB905AAAC9 /* TaxOwedWidget.swift in Sources */,
				8B190BF2ECB1552C40B653BA /* TripActivityAttributes.swift in Sources */,
				5AB7C91055DFBC5D7C173554 /* TripLiveActivity.swift in Sources */,
				9CE7E31D9572A0C58A27A847 /* VehicleDepreciationCalculator.swift in Sources */,
			);
			runOnlyForDeploymentPostprocessing = 0;
		};
/* End PBXSourcesBuildPhase section */

/* Begin PBXTargetDependency section */
		120B04872FF4EBC400C0C833 /* PBXTargetDependency */ = {
			isa = PBXTargetDependency;
			target = 120B04732FF4EBC200C0C833 /* GigTax */;
			targetProxy = 120B04862FF4EBC400C0C833 /* PBXContainerItemProxy */;
		};
		120B04912FF4EBC400C0C833 /* PBXTargetDependency */ = {
			isa = PBXTargetDependency;
			target = 120B04732FF4EBC200C0C833 /* GigTax */;
			targetProxy = 120B04902FF4EBC400C0C833 /* PBXContainerItemProxy */;
		};
		7FA18D252704B63255543EAF /* PBXTargetDependency */ = {
			isa = PBXTargetDependency;
			name = GigTaxWidget;
			target = 118E73BAEF1F020F86765D7F /* GigTaxWidget */;
			targetProxy = B7AD3D35DF5181EF4EDD8ADB /* PBXContainerItemProxy */;
		};
/* End PBXTargetDependency section */

/* Begin XCBuildConfiguration section */
		120B04992FF4EBC400C0C833 /* Debug */ = {
			isa = XCBuildConfiguration;
			buildSettings = {
				ASSETCATALOG_COMPILER_APPICON_NAME = AppIcon;
				ASSETCATALOG_COMPILER_GLOBAL_ACCENT_COLOR_NAME = AccentColor;
				CODE_SIGN_ENTITLEMENTS = GigTax/GigTax.entitlements;
				CODE_SIGN_STYLE = Automatic;
				CURRENT_PROJECT_VERSION = 3;
				DEVELOPMENT_TEAM = D42535UXVQ;
				ENABLE_PREVIEWS = YES;
				GENERATE_INFOPLIST_FILE = YES;
				INFOPLIST_FILE = GigTax/Info.plist;
				INFOPLIST_KEY_UIApplicationSceneManifest_Generation = YES;
				INFOPLIST_KEY_UIApplicationSupportsIndirectInputEvents = YES;
				INFOPLIST_KEY_UILaunchScreen_Generation = YES;
				INFOPLIST_KEY_UISupportedInterfaceOrientations_iPad = "UIInterfaceOrientationPortrait UIInterfaceOrientationPortraitUpsideDown UIInterfaceOrientationLandscapeLeft UIInterfaceOrientationLandscapeRight";
				INFOPLIST_KEY_UISupportedInterfaceOrientations_iPhone = "UIInterfaceOrientationPortrait UIInterfaceOrientationLandscapeLeft UIInterfaceOrientationLandscapeRight";
				LD_RUNPATH_SEARCH_PATHS = (
					"$(inherited)",
					"@executable_path/Frameworks",
				);
				MARKETING_VERSION = 1.0;
				PRODUCT_BUNDLE_IDENTIFIER = "com.kewani-is-th.GigTax";
				PRODUCT_NAME = "$(TARGET_NAME)";
				STRING_CATALOG_GENERATE_SYMBOLS = YES;
				SWIFT_APPROACHABLE_CONCURRENCY = YES;
				SWIFT_DEFAULT_ACTOR_ISOLATION = MainActor;
				SWIFT_EMIT_LOC_STRINGS = YES;
				SWIFT_UPCOMING_FEATURE_MEMBER_IMPORT_VISIBILITY = YES;
				SWIFT_VERSION = 5.0;
				TARGETED_DEVICE_FAMILY = "1,2";
			};
			name = Debug;
		};
		120B049A2FF4EBC400C0C833 /* Release */ = {
			isa = XCBuildConfiguration;
			buildSettings = {
				ASSETCATALOG_COMPILER_APPICON_NAME = AppIcon;
				ASSETCATALOG_COMPILER_GLOBAL_ACCENT_COLOR_NAME = AccentColor;
				CODE_SIGN_ENTITLEMENTS = GigTax/GigTax.entitlements;
				CODE_SIGN_STYLE = Automatic;
				CURRENT_PROJECT_VERSION = 3;
				DEVELOPMENT_TEAM = D42535UXVQ;
				ENABLE_PREVIEWS = YES;
				GENERATE_INFOPLIST_FILE = YES;
				INFOPLIST_FILE = GigTax/Info.plist;
				INFOPLIST_KEY_UIApplicationSceneManifest_Generation = YES;
				INFOPLIST_KEY_UIApplicationSupportsIndirectInputEvents = YES;
				INFOPLIST_KEY_UILaunchScreen_Generation = YES;
				INFOPLIST_KEY_UISupportedInterfaceOrientations_iPad = "UIInterfaceOrientationPortrait UIInterfaceOrientationPortraitUpsideDown UIInterfaceOrientationLandscapeLeft UIInterfaceOrientationLandscapeRight";
				INFOPLIST_KEY_UISupportedInterfaceOrientations_iPhone = "UIInterfaceOrientationPortrait UIInterfaceOrientationLandscapeLeft UIInterfaceOrientationLandscapeRight";
				LD_RUNPATH_SEARCH_PATHS = (
					"$(inherited)",
					"@executable_path/Frameworks",
				);
				MARKETING_VERSION = 1.0;
				PRODUCT_BUNDLE_IDENTIFIER = "com.kewani-is-th.GigTax";
				PRODUCT_NAME = "$(TARGET_NAME)";
				STRING_CATALOG_GENERATE_SYMBOLS = YES;
				SWIFT_APPROACHABLE_CONCURRENCY = YES;
				SWIFT_DEFAULT_ACTOR_ISOLATION = MainActor;
				SWIFT_EMIT_LOC_STRINGS = YES;
				SWIFT_UPCOMING_FEATURE_MEMBER_IMPORT_VISIBILITY = YES;
				SWIFT_VERSION = 5.0;
				TARGETED_DEVICE_FAMILY = "1,2";
			};
			name = Release;
		};
		120B049B2FF4EBC400C0C833 /* Debug */ = {
			isa = XCBuildConfiguration;
			buildSettings = {
				ALWAYS_SEARCH_USER_PATHS = NO;
				ASSETCATALOG_COMPILER_GENERATE_SWIFT_ASSET_SYMBOL_EXTENSIONS = YES;
				CLANG_ANALYZER_NONNULL = YES;
				CLANG_ANALYZER_NUMBER_OBJECT_CONVERSION = YES_AGGRESSIVE;
				CLANG_CXX_LANGUAGE_STANDARD = "gnu++20";
				CLANG_ENABLE_MODULES = YES;
				CLANG_ENABLE_OBJC_ARC = YES;
				CLANG_ENABLE_OBJC_WEAK = YES;
				CLANG_WARN_BLOCK_CAPTURE_AUTORELEASING = YES;
				CLANG_WARN_BOOL_CONVERSION = YES;
				CLANG_WARN_COMMA = YES;
				CLANG_WARN_CONSTANT_CONVERSION = YES;
				CLANG_WARN_DEPRECATED_OBJC_IMPLEMENTATIONS = YES;
				CLANG_WARN_DIRECT_OBJC_ISA_USAGE = YES_ERROR;
				CLANG_WARN_DOCUMENTATION_COMMENTS = YES;
				CLANG_WARN_EMPTY_BODY = YES;
				CLANG_WARN_ENUM_CONVERSION = YES;
				CLANG_WARN_INFINITE_RECURSION = YES;
				CLANG_WARN_INT_CONVERSION = YES;
				CLANG_WARN_NON_LITERAL_NULL_CONVERSION = YES;
				CLANG_WARN_OBJC_IMPLICIT_RETAIN_SELF = YES;
				CLANG_WARN_OBJC_LITERAL_CONVERSION = YES;
				CLANG_WARN_OBJC_ROOT_CLASS = YES_ERROR;
				CLANG_WARN_QUOTED_INCLUDE_IN_FRAMEWORK_HEADER = YES;
				CLANG_WARN_RANGE_LOOP_ANALYSIS = YES;
				CLANG_WARN_STRICT_PROTOTYPES = YES;
				CLANG_WARN_SUSPICIOUS_MOVE = YES;
				CLANG_WARN_UNGUARDED_AVAILABILITY = YES_AGGRESSIVE;
				CLANG_WARN_UNREACHABLE_CODE = YES;
				CLANG_WARN__DUPLICATE_METHOD_MATCH = YES;
				COPY_PHASE_STRIP = NO;
				DEBUG_INFORMATION_FORMAT = dwarf;
				DEVELOPMENT_TEAM = D42535UXVQ;
				ENABLE_STRICT_OBJC_MSGSEND = YES;
				ENABLE_TESTABILITY = YES;
				ENABLE_USER_SCRIPT_SANDBOXING = YES;
				GCC_C_LANGUAGE_STANDARD = gnu17;
				GCC_DYNAMIC_NO_PIC = NO;
				GCC_NO_COMMON_BLOCKS = YES;
				GCC_OPTIMIZATION_LEVEL = 0;
				GCC_PREPROCESSOR_DEFINITIONS = (
					"DEBUG=1",
					"$(inherited)",
				);
				GCC_WARN_64_TO_32_BIT_CONVERSION = YES;
				GCC_WARN_ABOUT_RETURN_TYPE = YES_ERROR;
				GCC_WARN_UNDECLARED_SELECTOR = YES;
				GCC_WARN_UNINITIALIZED_AUTOS = YES_AGGRESSIVE;
				GCC_WARN_UNUSED_FUNCTION = YES;
				GCC_WARN_UNUSED_VARIABLE = YES;
				IPHONEOS_DEPLOYMENT_TARGET = 17.0;
				LOCALIZATION_PREFERS_STRING_CATALOGS = YES;
				MTL_ENABLE_DEBUG_INFO = INCLUDE_SOURCE;
				MTL_FAST_MATH = YES;
				ONLY_ACTIVE_ARCH = YES;
				SDKROOT = iphoneos;
				SWIFT_ACTIVE_COMPILATION_CONDITIONS = "DEBUG $(inherited)";
				SWIFT_OPTIMIZATION_LEVEL = "-Onone";
			};
			name = Debug;
		};
		120B049C2FF4EBC400C0C833 /* Release */ = {
			isa = XCBuildConfiguration;
			buildSettings = {
				ALWAYS_SEARCH_USER_PATHS = NO;
				ASSETCATALOG_COMPILER_GENERATE_SWIFT_ASSET_SYMBOL_EXTENSIONS = YES;
				CLANG_ANALYZER_NONNULL = YES;
				CLANG_ANALYZER_NUMBER_OBJECT_CONVERSION = YES_AGGRESSIVE;
				CLANG_CXX_LANGUAGE_STANDARD = "gnu++20";
				CLANG_ENABLE_MODULES = YES;
				CLANG_ENABLE_OBJC_ARC = YES;
				CLANG_ENABLE_OBJC_WEAK = YES;
				CLANG_WARN_BLOCK_CAPTURE_AUTORELEASING = YES;
				CLANG_WARN_BOOL_CONVERSION = YES;
				CLANG_WARN_COMMA = YES;
				CLANG_WARN_CONSTANT_CONVERSION = YES;
				CLANG_WARN_DEPRECATED_OBJC_IMPLEMENTATIONS = YES;
				CLANG_WARN_DIRECT_OBJC_ISA_USAGE = YES_ERROR;
				CLANG_WARN_DOCUMENTATION_COMMENTS = YES;
				CLANG_WARN_EMPTY_BODY = YES;
				CLANG_WARN_ENUM_CONVERSION = YES;
				CLANG_WARN_INFINITE_RECURSION = YES;
				CLANG_WARN_INT_CONVERSION = YES;
				CLANG_WARN_NON_LITERAL_NULL_CONVERSION = YES;
				CLANG_WARN_OBJC_IMPLICIT_RETAIN_SELF = YES;
				CLANG_WARN_OBJC_LITERAL_CONVERSION = YES;
				CLANG_WARN_OBJC_ROOT_CLASS = YES_ERROR;
				CLANG_WARN_QUOTED_INCLUDE_IN_FRAMEWORK_HEADER = YES;
				CLANG_WARN_RANGE_LOOP_ANALYSIS = YES;
				CLANG_WARN_STRICT_PROTOTYPES = YES;
				CLANG_WARN_SUSPICIOUS_MOVE = YES;
				CLANG_WARN_UNGUARDED_AVAILABILITY = YES_AGGRESSIVE;
				CLANG_WARN_UNREACHABLE_CODE = YES;
				CLANG_WARN__DUPLICATE_METHOD_MATCH = YES;
				COPY_PHASE_STRIP = NO;
				DEBUG_INFORMATION_FORMAT = "dwarf-with-dsym";
				DEVELOPMENT_TEAM = D42535UXVQ;
				ENABLE_NS_ASSERTIONS = NO;
				ENABLE_STRICT_OBJC_MSGSEND = YES;
				ENABLE_USER_SCRIPT_SANDBOXING = YES;
				GCC_C_LANGUAGE_STANDARD = gnu17;
				GCC_NO_COMMON_BLOCKS = YES;
				GCC_WARN_64_TO_32_BIT_CONVERSION = YES;
				GCC_WARN_ABOUT_RETURN_TYPE = YES_ERROR;
				GCC_WARN_UNDECLARED_SELECTOR = YES;
				GCC_WARN_UNINITIALIZED_AUTOS = YES_AGGRESSIVE;
				GCC_WARN_UNUSED_FUNCTION = YES;
				GCC_WARN_UNUSED_VARIABLE = YES;
				IPHONEOS_DEPLOYMENT_TARGET = 17.0;
				LOCALIZATION_PREFERS_STRING_CATALOGS = YES;
				MTL_ENABLE_DEBUG_INFO = NO;
				MTL_FAST_MATH = YES;
				SDKROOT = iphoneos;
				SWIFT_COMPILATION_MODE = wholemodule;
				VALIDATE_PRODUCT = YES;
			};
			name = Release;
		};
		120B049E2FF4EBC400C0C833 /* Debug */ = {
			isa = XCBuildConfiguration;
			buildSettings = {
				BUNDLE_LOADER = "$(TEST_HOST)";
				CODE_SIGN_STYLE = Automatic;
				CURRENT_PROJECT_VERSION = 3;
				DEVELOPMENT_TEAM = D42535UXVQ;
				GENERATE_INFOPLIST_FILE = YES;
				IPHONEOS_DEPLOYMENT_TARGET = 17.0;
				MARKETING_VERSION = 1.0;
				PRODUCT_BUNDLE_IDENTIFIER = "com.kewani-is-th.GigTaxTests";
				PRODUCT_NAME = "$(TARGET_NAME)";
				STRING_CATALOG_GENERATE_SYMBOLS = NO;
				SWIFT_APPROACHABLE_CONCURRENCY = YES;
				SWIFT_EMIT_LOC_STRINGS = NO;
				SWIFT_UPCOMING_FEATURE_MEMBER_IMPORT_VISIBILITY = YES;
				SWIFT_VERSION = 5.0;
				TARGETED_DEVICE_FAMILY = "1,2";
				TEST_HOST = "$(BUILT_PRODUCTS_DIR)/GigTax.app/$(BUNDLE_EXECUTABLE_FOLDER_PATH)/GigTax";
			};
			name = Debug;
		};
		120B049F2FF4EBC400C0C833 /* Release */ = {
			isa = XCBuildConfiguration;
			buildSettings = {
				BUNDLE_LOADER = "$(TEST_HOST)";
				CODE_SIGN_STYLE = Automatic;
				CURRENT_PROJECT_VERSION = 3;
				DEVELOPMENT_TEAM = D42535UXVQ;
				GENERATE_INFOPLIST_FILE = YES;
				IPHONEOS_DEPLOYMENT_TARGET = 17.0;
				MARKETING_VERSION = 1.0;
				PRODUCT_BUNDLE_IDENTIFIER = "com.kewani-is-th.GigTaxTests";
				PRODUCT_NAME = "$(TARGET_NAME)";
				STRING_CATALOG_GENERATE_SYMBOLS = NO;
				SWIFT_APPROACHABLE_CONCURRENCY = YES;
				SWIFT_EMIT_LOC_STRINGS = NO;
				SWIFT_UPCOMING_FEATURE_MEMBER_IMPORT_VISIBILITY = YES;
				SWIFT_VERSION = 5.0;
				TARGETED_DEVICE_FAMILY = "1,2";
				TEST_HOST = "$(BUILT_PRODUCTS_DIR)/GigTax.app/$(BUNDLE_EXECUTABLE_FOLDER_PATH)/GigTax";
			};
			name = Release;
		};
		120B04A12FF4EBC400C0C833 /* Debug */ = {
			isa = XCBuildConfiguration;
			buildSettings = {
				CODE_SIGN_STYLE = Automatic;
				CURRENT_PROJECT_VERSION = 3;
				DEVELOPMENT_TEAM = D42535UXVQ;
				GENERATE_INFOPLIST_FILE = YES;
				MARKETING_VERSION = 1.0;
				PRODUCT_BUNDLE_IDENTIFIER = "com.kewani-is-th.GigTaxUITests";
				PRODUCT_NAME = "$(TARGET_NAME)";
				STRING_CATALOG_GENERATE_SYMBOLS = NO;
				SWIFT_APPROACHABLE_CONCURRENCY = YES;
				SWIFT_EMIT_LOC_STRINGS = NO;
				SWIFT_UPCOMING_FEATURE_MEMBER_IMPORT_VISIBILITY = YES;
				SWIFT_VERSION = 5.0;
				TARGETED_DEVICE_FAMILY = "1,2";
				TEST_TARGET_NAME = GigTax;
			};
			name = Debug;
		};
		120B04A22FF4EBC400C0C833 /* Release */ = {
			isa = XCBuildConfiguration;
			buildSettings = {
				CODE_SIGN_STYLE = Automatic;
				CURRENT_PROJECT_VERSION = 3;
				DEVELOPMENT_TEAM = D42535UXVQ;
				GENERATE_INFOPLIST_FILE = YES;
				MARKETING_VERSION = 1.0;
				PRODUCT_BUNDLE_IDENTIFIER = "com.kewani-is-th.GigTaxUITests";
				PRODUCT_NAME = "$(TARGET_NAME)";
				STRING_CATALOG_GENERATE_SYMBOLS = NO;
				SWIFT_APPROACHABLE_CONCURRENCY = YES;
				SWIFT_EMIT_LOC_STRINGS = NO;
				SWIFT_UPCOMING_FEATURE_MEMBER_IMPORT_VISIBILITY = YES;
				SWIFT_VERSION = 5.0;
				TARGETED_DEVICE_FAMILY = "1,2";
				TEST_TARGET_NAME = GigTax;
			};
			name = Release;
		};
		4F6718F469A17E4211FE8D73 /* Release */ = {
			isa = XCBuildConfiguration;
			buildSettings = {
				CLANG_ENABLE_OBJC_WEAK = NO;
				CODE_SIGN_ENTITLEMENTS = GigTaxWidget/GigTaxWidget.entitlements;
				CODE_SIGN_STYLE = Automatic;
				CURRENT_PROJECT_VERSION = 3;
				DEVELOPMENT_TEAM = D42535UXVQ;
				GENERATE_INFOPLIST_FILE = YES;
				INFOPLIST_FILE = GigTaxWidget/Info.plist;
				INFOPLIST_KEY_CFBundleDisplayName = GigTaxWidget;
				INFOPLIST_KEY_NSHumanReadableCopyright = "";
				IPHONEOS_DEPLOYMENT_TARGET = 17.0;
				LD_RUNPATH_SEARCH_PATHS = (
					"$(inherited)",
					"@executable_path/Frameworks",
					"@executable_path/../../Frameworks",
				);
				MARKETING_VERSION = 1.0;
				PRODUCT_BUNDLE_IDENTIFIER = "com.kewani-is-th.GigTax.GigTaxWidget";
				PRODUCT_NAME = "$(TARGET_NAME)";
				SDKROOT = iphoneos;
				SKIP_INSTALL = YES;
				SWIFT_VERSION = 5.0;
				TARGETED_DEVICE_FAMILY = "1,2";
				VALIDATE_PRODUCT = YES;
			};
			name = Release;
		};
		C6133076085EA3F591E811DA /* Debug */ = {
			isa = XCBuildConfiguration;
			buildSettings = {
				CLANG_ENABLE_OBJC_WEAK = NO;
				CODE_SIGN_ENTITLEMENTS = GigTaxWidget/GigTaxWidget.entitlements;
				CODE_SIGN_STYLE = Automatic;
				CURRENT_PROJECT_VERSION = 3;
				DEVELOPMENT_TEAM = D42535UXVQ;
				GENERATE_INFOPLIST_FILE = YES;
				INFOPLIST_FILE = GigTaxWidget/Info.plist;
				INFOPLIST_KEY_CFBundleDisplayName = GigTaxWidget;
				INFOPLIST_KEY_NSHumanReadableCopyright = "";
				IPHONEOS_DEPLOYMENT_TARGET = 17.0;
				LD_RUNPATH_SEARCH_PATHS = (
					"$(inherited)",
					"@executable_path/Frameworks",
					"@executable_path/../../Frameworks",
				);
				MARKETING_VERSION = 1.0;
				PRODUCT_BUNDLE_IDENTIFIER = "com.kewani-is-th.GigTax.GigTaxWidget";
				PRODUCT_NAME = "$(TARGET_NAME)";
				SDKROOT = iphoneos;
				SKIP_INSTALL = YES;
				SWIFT_VERSION = 5.0;
				TARGETED_DEVICE_FAMILY = "1,2";
			};
			name = Debug;
		};
/* End XCBuildConfiguration section */

/* Begin XCConfigurationList section */
		120B046F2FF4EBC200C0C833 /* Build configuration list for PBXProject "GigTax" */ = {
			isa = XCConfigurationList;
			buildConfigurations = (
				120B049B2FF4EBC400C0C833 /* Debug */,
				120B049C2FF4EBC400C0C833 /* Release */,
			);
			defaultConfigurationIsVisible = 0;
			defaultConfigurationName = Release;
		};
		120B04982FF4EBC400C0C833 /* Build configuration list for PBXNativeTarget "GigTax" */ = {
			isa = XCConfigurationList;
			buildConfigurations = (
				120B04992FF4EBC400C0C833 /* Debug */,
				120B049A2FF4EBC400C0C833 /* Release */,
			);
			defaultConfigurationIsVisible = 0;
			defaultConfigurationName = Release;
		};
		120B049D2FF4EBC400C0C833 /* Build configuration list for PBXNativeTarget "GigTaxTests" */ = {
			isa = XCConfigurationList;
			buildConfigurations = (
				120B049E2FF4EBC400C0C833 /* Debug */,
				120B049F2FF4EBC400C0C833 /* Release */,
			);
			defaultConfigurationIsVisible = 0;
			defaultConfigurationName = Release;
		};
		120B04A02FF4EBC400C0C833 /* Build configuration list for PBXNativeTarget "GigTaxUITests" */ = {
			isa = XCConfigurationList;
			buildConfigurations = (
				120B04A12FF4EBC400C0C833 /* Debug */,
				120B04A22FF4EBC400C0C833 /* Release */,
			);
			defaultConfigurationIsVisible = 0;
			defaultConfigurationName = Release;
		};
		555C9AA3AB2F0EA2D1B77A8A /* Build configuration list for PBXNativeTarget "GigTaxWidget" */ = {
			isa = XCConfigurationList;
			buildConfigurations = (
				4F6718F469A17E4211FE8D73 /* Release */,
				C6133076085EA3F591E811DA /* Debug */,
			);
			defaultConfigurationIsVisible = 0;
			defaultConfigurationName = Release;
		};
/* End XCConfigurationList section */
	};
	rootObject = 120B046C2FF4EBC200C0C833 /* Project object */;
}
